
Microsoft Visual Studio Solution File, Format Version 12.00
# Visual Studio Version 17
VisualStudioVersion = 17.0.31903.59
MinimumVisualStudioVersion = 10.0.40219.1
Project("{FAE04EC0-301F-11D3-BF4B-00C04F79EFBC}") = "Calculator", "Calculator\Calculator.csproj", "{5358305B-1DCB-4A19-84BE-1081606FD9C9}"
EndProject
Project("{FAE04EC0-301F-11D3-BF4B-00C04F79EFBC}") = "Calculator.Tests", "Calculator.Tests\Calculator.Tests.csproj", "{897E3A93-54C5-4705-994C-A3EC49908A19}"
EndProject
Global
	GlobalSection(SolutionConfigurationPlatforms) = preSolution
		Debug|Any CPU = Debug|Any CPU
		Release|Any CPU = Release|Any CPU
	EndGlobalSection
	GlobalSection(SolutionProperties) = preSolution
		HideSolutionNode = FALSE
	EndGlobalSection
	GlobalSection(ProjectConfigurationPlatforms) = postSolution
		{5358305B-1DCB-4A19-84BE-1081606FD9C9}.Debug|Any CPU.ActiveCfg = Debug|Any CPU
		{5358305B-1DCB-4A19-84BE-1081606FD9C9}.Debug|Any CPU.Build.0 = Debug|Any CPU
		{5358305B-1DCB-4A19-84BE-1081606FD9C9}.Release|Any CPU.ActiveCfg = Release|Any CPU
		{5358305B-1DCB-4A19-84BE-1081606FD9C9}.Release|Any CPU.Build.0 = Release|Any CPU
		{897E3A93-54C5-4705-994C-A3EC49908A19}.Debug|Any CPU.ActiveCfg = Debug|Any CPU
		{897E3A93-54C5-4705-994C-A3EC49908A19}.Debug|Any CPU.Build.0 = Debug|Any CPU
		{897E3A93-54C5-4705-994C-A3EC49908A19}.Release|Any CPU.ActiveCfg = Release|Any CPU
		{897E3A93-54C5-4705-994C-A3EC49908A19}.Release|Any CPU.Build.0 = Release|Any CPU
	EndGlobalSection
EndGlobal
